Microsoft Visual Studio Solution File, Format Version 12.00
# Visual Studio Version 17
VisualStudioVersion = 17.5.2.0
MinimumVisualStudioVersion = 10.0.40219.1
Project("{2150E333-8FDC-42A3-9474-1A3956D46DE8}") = "src", "src", "{827E0CD3-B72D-47B6-A68D-7590B98EB39B}"
EndProject
Project("{2150E333-8FDC-42A3-9474-1A3956D46DE8}") = "tests", "tests", "{0AB3BF05-4346-4AA6-1389-037BE0695223}"
EndProject
Project("{FAE04EC0-301F-11D3-BF4B-00C04F79EFBC}") = "RbxDisplay.App", "src\RbxDisplay.App\RbxDisplay.App.csproj", "{265510BA-BBDC-1E6C-803F-D820D0CC48D7}"
EndProject
Project("{FAE04EC0-301F-11D3-BF4B-00C04F79EFBC}") = "RbxDisplay.Core", "src\RbxDisplay.Core\RbxDisplay.Core.csproj", "{4F54453A-9F66-CD79-4595-4E0FFC25AB44}"
EndProject
Project("{FAE04EC0-301F-11D3-BF4B-00C04F79EFBC}") = "RbxDisplay.Watchdog", "src\RbxDisplay.Watchdog\RbxDisplay.Watchdog.csproj", "{13489A60-FEB9-E4D5-3B41-FB14E58E74A2}"
EndProject
Project("{FAE04EC0-301F-11D3-BF4B-00C04F79EFBC}") = "RbxDisplay.Core.Tests", "tests\RbxDisplay.Core.Tests\RbxDisplay.Core.Tests.csproj", "{443B2503-0B61-738D-E5D1-9FAEDE0A4189}"
EndProject
Global
	GlobalSection(SolutionConfigurationPlatforms) = preSolution
		Debug|Any CPU = Debug|Any CPU
		Release|Any CPU = Release|Any CPU
	EndGlobalSection
	GlobalSection(ProjectConfigurationPlatforms) = postSolution
		{265510BA-BBDC-1E6C-803F-D820D0CC48D7}.Debug|Any CPU.ActiveCfg = Debug|Any CPU
		{265510BA-BBDC-1E6C-803F-D820D0CC48D7}.Debug|Any CPU.Build.0 = Debug|Any CPU
		{265510BA-BBDC-1E6C-803F-D820D0CC48D7}.Release|Any CPU.ActiveCfg = Release|Any CPU
		{265510BA-BBDC-1E6C-803F-D820D0CC48D7}.Release|Any CPU.Build.0 = Release|Any CPU
		{4F54453A-9F66-CD79-4595-4E0FFC25AB44}.Debug|Any CPU.ActiveCfg = Debug|Any CPU
		{4F54453A-9F66-CD79-4595-4E0FFC25AB44}.Debug|Any CPU.Build.0 = Debug|Any CPU
		{4F54453A-9F66-CD79-4595-4E0FFC25AB44}.Release|Any CPU.ActiveCfg = Release|Any CPU
		{4F54453A-9F66-CD79-4595-4E0FFC25AB44}.Release|Any CPU.Build.0 = Release|Any CPU
		{13489A60-FEB9-E4D5-3B41-FB14E58E74A2}.Debug|Any CPU.ActiveCfg = Debug|Any CPU
		{13489A60-FEB9-E4D5-3B41-FB14E58E74A2}.Debug|Any CPU.Build.0 = Debug|Any CPU
		{13489A60-FEB9-E4D5-3B41-FB14E58E74A2}.Release|Any CPU.ActiveCfg = Release|Any CPU
		{13489A60-FEB9-E4D5-3B41-FB14E58E74A2}.Release|Any CPU.Build.0 = Release|Any CPU
		{443B2503-0B61-738D-E5D1-9FAEDE0A4189}.Debug|Any CPU.ActiveCfg = Debug|Any CPU
		{443B2503-0B61-738D-E5D1-9FAEDE0A4189}.Debug|Any CPU.Build.0 = Debug|Any CPU
		{443B2503-0B61-738D-E5D1-9FAEDE0A4189}.Release|Any CPU.ActiveCfg = Release|Any CPU
		{443B2503-0B61-738D-E5D1-9FAEDE0A4189}.Release|Any CPU.Build.0 = Release|Any CPU
	EndGlobalSection
	GlobalSection(SolutionProperties) = preSolution
		HideSolutionNode = FALSE
	EndGlobalSection
	GlobalSection(NestedProjects) = preSolution
		{265510BA-BBDC-1E6C-803F-D820D0CC48D7} = {827E0CD3-B72D-47B6-A68D-7590B98EB39B}
		{4F54453A-9F66-CD79-4595-4E0FFC25AB44} = {827E0CD3-B72D-47B6-A68D-7590B98EB39B}
		{13489A60-FEB9-E4D5-3B41-FB14E58E74A2} = {827E0CD3-B72D-47B6-A68D-7590B98EB39B}
		{443B2503-0B61-738D-E5D1-9FAEDE0A4189} = {0AB3BF05-4346-4AA6-1389-037BE0695223}
	EndGlobalSection
	GlobalSection(ExtensibilityGlobals) = postSolution
		SolutionGuid = {B06A440F-1A96-49B6-AC6B-CE1BD014EE41}
	EndGlobalSection
EndGlobal
